github.com/StackExchange/wmi v0.0.0-20180116203802-5d049714c4a6/go.mod h1:3eOhrUMpNV+6aFIbp5/iudMxNCF27Vw2OZgy4xEx0Fg=
github.com/go-ole/go-ole v1.2.1/go.mod h1:7FAglXiTm7HKlQRDeOQ6ZNUHidzCWXuZWq/1dTyBNF8=
github.com/inconshreveable/mousetrap v1.0.0/go.mod h1:PxqpIevigyE2G7u3NXJIT2ANytuPF1OarO4DADm73n8=
github.com/onsi/ginkgo v0.0.0-20180321182032-03ffd3f46deb h1:wh6u/rjJi7pc0Eospl8RUuXCnK+6YW3f2G1Whc53bqs=
github.com/onsi/ginkgo v0.0.0-20180321182032-03ffd3f46deb/go.mod h1:lLunBs/Ym6LB5Z9jYTR76FiuTmxDTDusOGeTQH+WWjE=
github.com/onsi/gomega v0.0.0-20180321184225-649b44d988ce h1:8LEQgBECr3qm/zegXp5QVNWRuYQLQO9qK9wUDeL9TMo=
github.com/onsi/gomega v0.0.0-20180321184225-649b44d988ce/go.mod h1:C1qb7wdrVGGVU+Z6iS04AVkA3Q65CEZX59MT0QO5uiA=
github.com/shirou/gopsutil v0.0.0-20180227225847-5776ff9c7c5d h1:TW8oufRzBs0qROjv16ll0N780gaBcgSu1TxKjwJMebM=
github.com/shirou/gopsutil v0.0.0-20180227225847-5776ff9c7c5d/go.mod h1:5b4v6he4MtMOwMlS0TUMTu2PcXUg8+E1lC7eC3UO/RA=
github.com/shirou/w32 v0.0.0-20160930032740-bb4de0191aa4/go.mod h1:qsXQc7+bwAM3Q1u/4XEfrquwF8Lw7D7y5cD8CuHnfIc=
github.com/spf13/cobra v0.0.1 h1:zZh3X5aZbdnoj+4XkaBxKfhO4ot82icYdhhREIAXIj8=
github.com/spf13/cobra v0.0.1/go.mod h1:1l0Ry5zgKvJasoi3XT1TypsSe7PqH0Sj9dhYf7v3XqQ=
github.com/spf13/pflag v1.0.0 h1:oaPbdDe/x0UncahuwiPxW1GYJyilRAdsPnq3e1yaPcI=
github.com/spf13/pflag v1.0.0/go.mod h1:DYY7MBk1bdzusC3SYhjObp+wFpr4gzcvqqNjLnInEg4=
golang.org/x/net v0.0.0-20180320002117-6078986fec03 h1:7AqHAZ7CvA95ugmTHvadCc9K2ltE9f5dYKpce5J1kn8=
golang.org/x/net v0.0.0-20180320002117-6078986fec03/go.mod h1:mL1N/T3taQHkDXs73rZJwtUhF3w3ftmwwsq0BUmARs4=
golang.org/x/sys v0.0.0-20180322165403-91ee8cde4354 h1:m30AMpZnWY037UcT8SaLDzIVJADUqWyNfqLKjrfyoRg=
golang.org/x/sys v0.0.0-20180322165403-91ee8cde4354/go.mod h1:STP8DvDyc/dI5b8T5hshtkjS+E42TnysNCUPdjciGhY=
golang.org/x/text v0.3.0 h1:g61tztE5qeGQ89tm6NTjjM9VPIm088od1l6aSorWRWg=
golang.org/x/text v0.3.0/go.mod h1:NqM8EUOU14njkJ3fqMW+pc6Ldnwhi/IjpwHt7yyuwOQ=
gopkg.in/check.v1 v0.0.0-20161208181325-20d25e280405/go.mod h1:Co6ibVJAznAaIkqp8huTwlJQCZ016jof/cbN4VW5Yz0=
gopkg.in/yaml.v2 v2.1.1 h1:fxK3tv8mQPVEgxu/S2LJ040LyqiajHt+syP0CdDS/Sc=
gopkg.in/yaml.v2 v2.1.1/go.mod h1:hI93XBmqTisBFMUTm0b8Fm+jr3Dg1NNxqwp+5A1VGuI=
